
Microsoft Visual Studio Solution File, Format Version 12.00
# Visual Studio Version 16
VisualStudioVersion = 16.0.30503.244
MinimumVisualStudioVersion = 10.0.40219.1
Project("{FAE04EC0-301F-11D3-BF4B-00C04F79EFBC}") = "ASPMetanit", "ASPMetanit\ASPMetanit.csproj", "{5CA574D5-F4F6-41F1-9883-A5FE97209C87}"
EndProject
Global
	GlobalSection(SolutionConfigurationPlatforms) = preSolution
		Debug|Any CPU = Debug|Any CPU
		Release|Any CPU = Release|Any CPU
	EndGlobalSection
	GlobalSection(ProjectConfigurationPlatforms) = postSolution
		{5CA574D5-F4F6-41F1-9883-A5FE97209C87}.Debug|Any CPU.ActiveCfg = Debug|Any CPU
		{5CA574D5-F4F6-41F1-9883-A5FE97209C87}.Debug|Any CPU.Build.0 = Debug|Any CPU
		{5CA574D5-F4F6-41F1-9883-A5FE97209C87}.Release|Any CPU.ActiveCfg = Release|Any CPU
		{5CA574D5-F4F6-41F1-9883-A5FE97209C87}.Release|Any CPU.Build.0 = Release|Any CPU
	EndGlobalSection
	GlobalSection(SolutionProperties) = preSolution
		HideSolutionNode = FALSE
	EndGlobalSection
	GlobalSection(ExtensibilityGlobals) = postSolution
		SolutionGuid = {2E2017F2-35C6-47D3-ABB0-F91F8EF141ED}
	EndGlobalSection
EndGlobal
